// !$*UTF8*$!
{
	archiveVersion = 1;
	classes = {
	};
	objectVersion = 50;
	objects = {

/* Begin PBXBuildFile section */
		9007A7BC25D5E9CF00D73982 /* Meal.swift in Sources */ = {isa = PBXBuildFile; fileRef = 9007A7BB25D5E9CF00D73982 /* Meal.swift */; };
		900861AE258C166C0069AA54 /* AppDelegate.swift in Sources */ = {isa = PBXBuildFile; fileRef = 900861AD258C166C0069AA54 /* AppDelegate.swift */; };
		900861B0258C166C0069AA54 /* SceneDelegate.swift in Sources */ = {isa = PBXBuildFile; fileRef = 900861AF258C166C0069AA54 /* SceneDelegate.swift */; };
		900861B2258C166C0069AA54 /* MealViewController.swift in Sources */ = {isa = PBXBuildFile; fileRef = 900861B1258C166C0069AA54 /* MealViewController.swift */; };
		900861B5258C166C0069AA54 /* Main.storyboard in Resources */ = {isa = PBXBuildFile; fileRef = 900861B3258C166C0069AA54 /* Main.storyboard */; };
		900861B7258C166D0069AA54 /* Assets.xcassets in Resources */ = {isa = PBXBuildFile; fileRef = 900861B6258C166D0069AA54 /* Assets.xcassets */; };
		900861BA258C166D0069AA54 /* LaunchScreen.storyboard in Resources */ = {isa = PBXBuildFile; fileRef = 900861B8258C166D0069AA54 /* LaunchScreen.storyboard */; };
		900861C5258C166D0069AA54 /* FoodTrackerTests.swift in Sources */ = {isa = PBXBuildFile; fileRef = 900861C4258C166D0069AA54 /* FoodTrackerTests.swift */; };
		900861D0258C166D0069AA54 /* FoodTrackerUITests.swift in Sources */ = {isa = PBXBuildFile; fileRef = 900861CF258C166D0069AA54 /* FoodTrackerUITests.swift */; };
		905D90FC25C37AFD00F8AC45 /* RatingControl.swift in Sources */ = {isa = PBXBuildFile; fileRef = 905D90FB25C37AFD00F8AC45 /* RatingControl.swift */; };
		90F1491625DF25A1008034E4 /* MealTableViewCell.swift in Sources */ = {isa = PBXBuildFile; fileRef = 90F1491525DF25A1008034E4 /* MealTableViewCell.swift */; };
		90F1491B25DF2897008034E4 /* MealTableViewController.swift in Sources */ = {isa = PBXBuildFile; fileRef = 90F1491A25DF2897008034E4 /* MealTableViewController.swift */; };
/* End PBXBuildFile section */

/* Begin PBXContainerItemProxy section */
		900861C1258C166D0069AA54 /* PBXContainerItemProxy */ = {
			isa = PBXContainerItemProxy;
			containerPortal = 900861A2258C166C0069AA54 /* Project object */;
			proxyType = 1;
			remoteGlobalIDString = 900861A9258C166C0069AA54;
			remoteInfo = FoodTracker;
		};
		900861CC258C166D0069AA54 /* PBXContainerItemProxy */ = {
			isa = PBXContainerItemProxy;
			containerPortal = 900861A2258C166C0069AA54 /* Project object */;
			proxyType = 1;
			remoteGlobalIDString = 900861A9258C166C0069AA54;
			remoteInfo = FoodTracker;
		};
/* End PBXContainerItemProxy section */

/* Begin PBXFileReference section */
		9007A7BB25D5E9CF00D73982 /* Meal.swift */ = {isa = PBXFileReference; lastKnownFileType = sourcecode.swift; path = Meal.swift; sourceTree = "<group>"; };
		900861AA258C166C0069AA54 /* FoodTracker.app */ = {isa = PBXFileReference; explicitFileType = wrapper.application; includeInIndex = 0; path = FoodTracker.app; sourceTree = BUILT_PRODUCTS_DIR; };
		900861AD258C166C0069AA54 /* AppDelegate.swift */ = {isa = PBXFileReference; lastKnownFileType = sourcecode.swift; path = AppDelegate.swift; sourceTree = "<group>"; };
		900861AF258C166C0069AA54 /* SceneDelegate.swift */ = {isa = PBXFileReference; lastKnownFileType = sourcecode.swift; path = SceneDelegate.swift; sourceTree = "<group>"; };
		900861B1258C166C0069AA54 /* MealViewController.swift */ = {isa = PBXFileReference; lastKnownFileType = sourcecode.swift; path = MealViewController.swift; sourceTree = "<group>"; };
		900861B4258C166C0069AA54 /* Base */ = {isa = PBXFileReference; lastKnownFileType = file.storyboard; name = Base; path = Base.lproj/Main.storyboard; sourceTree = "<group>"; };
		900861B6258C166D0069AA54 /* Assets.xcassets */ = {isa = PBXFileReference; lastKnownFileType = folder.assetcatalog; path = Assets.xcassets; sourceTree = "<group>"; };
		900861B9258C166D0069AA54 /* Base */ = {isa = PBXFileReference; lastKnownFileType = file.storyboard; name = Base; path = Base.lproj/LaunchScreen.storyboard; sourceTree = "<group>"; };
		900861BB258C166D0069AA54 /* Info.plist */ = {isa = PBXFileReference; lastKnownFileType = text.plist.xml; path = Info.plist; sourceTree = "<group>"; };
		900861C0258C166D0069AA54 /* FoodTrackerTests.xctest */ = {isa = PBXFileReference; explicitFileType = wrapper.cfbundle; includeInIndex = 0; path = FoodTrackerTests.xctest; sourceTree = BUILT_PRODUCTS_DIR; };
		900861C4258C166D0069AA54 /* FoodTrackerTests.swift */ = {isa = PBXFileReference; lastKnownFileType = sourcecode.swift; path = FoodTrackerTests.swift; sourceTree = "<group>"; };
		900861C6258C166D0069AA54 /* Info.plist */ = {isa = PBXFileReference; lastKnownFileType = text.plist.xml; path = Info.plist; sourceTree = "<group>"; };
		900861CB258C166D0069AA54 /* FoodTrackerUITests.xctest */ = {isa = PBXFileReference; explicitFileType = wrapper.cfbundle; includeInIndex = 0; path = FoodTrackerUITests.xctest; sourceTree = BUILT_PRODUCTS_DIR; };
		900861CF258C166D0069AA54 /* FoodTrackerUITests.swift */ = {isa = PBXFileReference; lastKnownFileType = sourcecode.swift; path = FoodTrackerUITests.swift; sourceTree = "<group>"; };
		900861D1258C166D0069AA54 /* Info.plist */ = {isa = PBXFileReference; lastKnownFileType = text.plist.xml; path = Info.plist; sourceTree = "<group>"; };
		905D90FB25C37AFD00F8AC45 /* RatingControl.swift */ = {isa = PBXFileReference; lastKnownFileType = sourcecode.swift; path = RatingControl.swift; sourceTree = "<group>"; };
		90F1491525DF25A1008034E4 /* MealTableViewCell.swift */ = {isa = PBXFileReference; lastKnownFileType = sourcecode.swift; path = MealTableViewCell.swift; sourceTree = "<group>"; };
		90F1491A25DF2897008034E4 /* MealTableViewController.swift */ = {isa = PBXFileReference; lastKnownFileType = sourcecode.swift; path = MealTableViewController.swift; sourceTree = "<group>"; };
/* End PBXFileReference section */

/* Begin PBXFrameworksBuildPhase section */
		900861A7258C166C0069AA54 /* Frameworks */ = {
			isa = PBXFrameworksBuildPhase;
			buildActionMask = 2147483647;
			files = (
			);
			runOnlyForDeploymentPostprocessing = 0;
		};
		900861BD258C166D0069AA54 /* Frameworks */ = {
			isa = PBXFrameworksBuildPhase;
			buildActionMask = 2147483647;
			files = (
			);
			runOnlyForDeploymentPostprocessing = 0;
		};
		900861C8258C166D0069AA54 /* Frameworks */ = {
			isa = PBXFrameworksBuildPhase;
			buildActionMask = 2147483647;
			files = (
			);
			runOnlyForDeploymentPostprocessing = 0;
		};
/* End PBXFrameworksBuildPhase section */

/* Begin PBXGroup section */
		900861A1258C166C0069AA54 = {
			isa = PBXGroup;
			children = (
				900861AC258C166C0069AA54 /* FoodTracker */,
				900861C3258C166D0069AA54 /* FoodTrackerTests */,
				900861CE258C166D0069AA54 /* FoodTrackerUITests */,
				900861AB258C166C0069AA54 /* Products */,
			);
			sourceTree = "<group>";
		};
		900861AB258C166C0069AA54 /* Products */ = {
			isa = PBXGroup;
			children = (
				900861AA258C166C0069AA54 /* FoodTracker.app */,
				900861C0258C166D0069AA54 /* FoodTrackerTests.xctest */,
				900861CB258C166D0069AA54 /* FoodTrackerUITests.xctest */,
			);
			name = Products;
			sourceTree = "<group>";
		};
		900861AC258C166C0069AA54 /* FoodTracker */ = {
			isa = PBXGroup;
			children = (
				900861AD258C166C0069AA54 /* AppDelegate.swift */,
				900861AF258C166C0069AA54 /* SceneDelegate.swift */,
				90F1491A25DF2897008034E4 /* MealTableViewController.swift */,
				90F1491525DF25A1008034E4 /* MealTableViewCell.swift */,
				900861B1258C166C0069AA54 /* MealViewController.swift */,
				9007A7BB25D5E9CF00D73982 /* Meal.swift */,
				905D90FB25C37AFD00F8AC45 /* RatingControl.swift */,
				900861B3258C166C0069AA54 /* Main.storyboard */,
				900861B6258C166D0069AA54 /* Assets.xcassets */,
				900861B8258C166D0069AA54 /* LaunchScreen.storyboard */,
				900861BB258C166D0069AA54 /* Info.plist */,
			);
			path = FoodTracker;
			sourceTree = "<group>";
		};
		900861C3258C166D0069AA54 /* FoodTrackerTests */ = {
			isa = PBXGroup;
			children = (
				900861C4258C166D0069AA54 /* FoodTrackerTests.swift */,
				900861C6258C166D0069AA54 /* Info.plist */,
			);
			path = FoodTrackerTests;
			sourceTree = "<group>";
		};
		900861CE258C166D0069AA54 /* FoodTrackerUITests */ = {
			isa = PBXGroup;
			children = (
				900861CF258C166D0069AA54 /* FoodTrackerUITests.swift */,
				900861D1258C166D0069AA54 /* Info.plist */,
			);
			path = FoodTrackerUITests;
			sourceTree = "<group>";
		};
/* End PBXGroup section */

/* Begin PBXNativeTarget section */
		900861A9258C166C0069AA54 /* FoodTracker */ = {
			isa = PBXNativeTarget;
			buildConfigurationList = 900861D4258C166D0069AA54 /* Build configuration list for PBXNativeTarget "FoodTracker" */;
			buildPhases = (
				900861A6258C166C0069AA54 /* Sources */,
				900861A7258C166C0069AA54 /* Frameworks */,
				900861A8258C166C0069AA54 /* Resources */,
			);
			buildRules = (
			);
			dependencies = (
			);
			name = FoodTracker;
			productName = FoodTracker;
			productReference = 900861AA258C166C0069AA54 /* FoodTracker.app */;
			productType = "com.apple.product-type.application";
		};
		900861BF258C166D0069AA54 /* FoodTrackerTests */ = {
			isa = PBXNativeTarget;
			buildConfigurationList = 900861D7258C166D0069AA54 /* Build configuration list for PBXNativeTarget "FoodTrackerTests" */;
			buildPhases = (
				900861BC258C166D0069AA54 /* Sources */,
				900861BD258C166D0069AA54 /* Frameworks */,
				900861BE258C166D0069AA54 /* Resources */,
			);
			buildRules = (
			);
			dependencies = (
				900861C2258C166D0069AA54 /* PBXTargetDependency */,
			);
			name = FoodTrackerTests;
			productName = FoodTrackerTests;
			productReference = 900861C0258C166D0069AA54 /* FoodTrackerTests.xctest */;
			productType = "com.apple.product-type.bundle.unit-test";
		};
		900861CA258C166D0069AA54 /* FoodTrackerUITests */ = {
			isa = PBXNativeTarget;
			buildConfigurationList = 900861DA258C166D0069AA54 /* Build configuration list for PBXNativeTarget "FoodTrackerUITests" */;
			buildPhases = (
				900861C7258C166D0069AA54 /* Sources */,
				900861C8258C166D0069AA54 /* Frameworks */,
				900861C9258C166D0069AA54 /* Resources */,
			);
			buildRules = (
			);
			dependencies = (
				900861CD258C166D0069AA54 /* PBXTargetDependency */,
			);
			name = FoodTrackerUITests;
			productName = FoodTrackerUITests;
			productReference = 900861CB258C166D0069AA54 /* FoodTrackerUITests.xctest */;
			productType = "com.apple.product-type.bundle.ui-testing";
		};
/* End PBXNativeTarget section */

/* Begin PBXProject section */
		900861A2258C166C0069AA54 /* Project object */ = {
			isa = PBXProject;
			attributes = {
				LastSwiftUpdateCheck = 1230;
				LastUpgradeCheck = 1230;
				TargetAttributes = {
					900861A9258C166C0069AA54 = {
						CreatedOnToolsVersion = 12.3;
					};
					900861BF258C166D0069AA54 = {
						CreatedOnToolsVersion = 12.3;
						TestTargetID = 900861A9258C166C0069AA54;
					};
					900861CA258C166D0069AA54 = {
						CreatedOnToolsVersion = 12.3;
						TestTargetID = 900861A9258C166C0069AA54;
					};
				};
			};
			buildConfigurationList = 900861A5258C166C0069AA54 /* Build configuration list for PBXProject "FoodTracker" */;
			compatibilityVersion = "Xcode 9.3";
			developmentRegion = en;
			hasScannedForEncodings = 0;
			knownRegions = (
				en,
				Base,
			);
			mainGroup = 900861A1258C166C0069AA54;
			productRefGroup = 900861AB258C166C0069AA54 /* Products */;
			projectDirPath = "";
			projectRoot = "";
			targets = (
				900861A9258C166C0069AA54 /* FoodTracker */,
				900861BF258C166D0069AA54 /* FoodTrackerTests */,
				900861CA258C166D0069AA54 /* FoodTrackerUITests */,
			);
		};
/* End PBXProject section */

/* Begin PBXResourcesBuildPhase section */
		900861A8258C166C0069AA54 /* Resources */ = {
			isa = PBXResourcesBuildPhase;
			buildActionMask = 2147483647;
			files = (
				900861BA258C166D0069AA54 /* LaunchScreen.storyboard in Resources */,
				900861B7258C166D0069AA54 /* Assets.xcassets in Resources */,
				900861B5258C166C0069AA54 /* Main.storyboard in Resources */,
			);
			runOnlyForDeploymentPostprocessing = 0;
		};
		900861BE258C166D0069AA54 /* Resources */ = {
			isa = PBXResourcesBuildPhase;
			buildActionMask = 2147483647;
			files = (
			);
			runOnlyForDeploymentPostprocessing = 0;
		};
		900861C9258C166D0069AA54 /* Resources */ = {
			isa = PBXResourcesBuildPhase;
			buildActionMask = 2147483647;
			files = (
			);
			runOnlyForDeploymentPostprocessing = 0;
		};
/* End PBXResourcesBuildPhase section */

/* Begin PBXSourcesBuildPhase section */
		900861A6258C166C0069AA54 /* Sources */ = {
			isa = PBXSourcesBuildPhase;
			buildActionMask = 2147483647;
			files = (
				9007A7BC25D5E9CF00D73982 /* Meal.swift in Sources */,
				905D90FC25C37AFD00F8AC45 /* RatingControl.swift in Sources */,
				90F1491B25DF2897008034E4 /* MealTableViewController.swift in Sources */,
				90F1491625DF25A1008034E4 /* MealTableViewCell.swift in Sources */,
				900861B2258C166C0069AA54 /* MealViewController.swift in Sources */,
				900861AE258C166C0069AA54 /* AppDelegate.swift in Sources */,
				900861B0258C166C0069AA54 /* SceneDelegate.swift in Sources */,
			);
			runOnlyForDeploymentPostprocessing = 0;
		};
		900861BC258C166D0069AA54 /* Sources */ = {
			isa = PBXSourcesBuildPhase;
			buildActionMask = 2147483647;
			files = (
				900861C5258C166D0069AA54 /* FoodTrackerTests.swift in Sources */,
			);
			runOnlyForDeploymentPostprocessing = 0;
		};
		900861C7258C166D0069AA54 /* Sources */ = {
			isa = PBXSourcesBuildPhase;
			buildActionMask = 2147483647;
			files = (
				900861D0258C166D0069AA54 /* FoodTrackerUITests.swift in Sources */,
			);
			runOnlyForDeploymentPostprocessing = 0;
		};
/* End PBXSourcesBuildPhase section */

/* Begin PBXTargetDependency section */
		900861C2258C166D0069AA54 /* PBXTargetDependency */ = {
			isa = PBXTargetDependency;
			target = 900861A9258C166C0069AA54 /* FoodTracker */;
			targetProxy = 900861C1258C166D0069AA54 /* PBXContainerItemProxy */;
		};
		900861CD258C166D0069AA54 /* PBXTargetDependency */ = {
			isa = PBXTargetDependency;
			target = 900861A9258C166C0069AA54 /* FoodTracker */;
			targetProxy = 900861CC258C166D0069AA54 /* PBXContainerItemProxy */;
		};
/* End PBXTargetDependency section */

/* Begin PBXVariantGroup section */
		900861B3258C166C0069AA54 /* Main.storyboard */ = {
			isa = PBXVariantGroup;
			children = (
				900861B4258C166C0069AA54 /* Base */,
			);
			name = Main.storyboard;
			sourceTree = "<group>";
		};
		900861B8258C166D0069AA54 /* LaunchScreen.storyboard */ = {
			isa = PBXVariantGroup;
			children = (
				900861B9258C166D0069AA54 /* Base */,
			);
			name = LaunchScreen.storyboard;
			sourceTree = "<group>";
		};
/* End PBXVariantGroup section */

/* Begin XCBuildConfiguration section */
		900861D2258C166D0069AA54 /* Debug */ = {
			isa = XCBuildConfiguration;
			buildSettings = {
				ALWAYS_SEARCH_USER_PATHS = NO;
				CLANG_ANALYZER_NONNULL = YES;
				CLANG_ANALYZER_NUMBER_OBJECT_CONVERSION = YES_AGGRESSIVE;
				CLANG_CXX_LANGUAGE_STANDARD = "gnu++14";
				CLANG_CXX_LIBRARY = "libc++";
				CLANG_ENABLE_MODULES = YES;
				CLANG_ENABLE_OBJC_ARC = YES;
				CLANG_ENABLE_OBJC_WEAK = YES;
				CLANG_WARN_BLOCK_CAPTURE_AUTORELEASING = YES;
				CLANG_WARN_BOOL_CONVERSION = YES;
				CLANG_WARN_COMMA = YES;
				CLANG_WARN_CONSTANT_CONVERSION = YES;
				CLANG_WARN_DEPRECATED_OBJC_IMPLEMENTATIONS = YES;
				CLANG_WARN_DIRECT_OBJC_ISA_USAGE = YES_ERROR;
				CLANG_WARN_DOCUMENTATION_COMMENTS = YES;
				CLANG_WARN_EMPTY_BODY = YES;
				CLANG_WARN_ENUM_CONVERSION = YES;
				CLANG_WARN_INFINITE_RECURSION = YES;
				CLANG_WARN_INT_CONVERSION = YES;
				CLANG_WARN_NON_LITERAL_NULL_CONVERSION = YES;
				CLANG_WARN_OBJC_IMPLICIT_RETAIN_SELF = YES;
				CLANG_WARN_OBJC_LITERAL_CONVERSION = YES;
				CLANG_WARN_OBJC_ROOT_CLASS = YES_ERROR;
				CLANG_WARN_QUOTED_INCLUDE_IN_FRAMEWORK_HEADER = YES;
				CLANG_WARN_RANGE_LOOP_ANALYSIS = YES;
				CLANG_WARN_STRICT_PROTOTYPES = YES;
				CLANG_WARN_SUSPICIOUS_MOVE = YES;
				CLANG_WARN_UNGUARDED_AVAILABILITY = YES_AGGRESSIVE;
				CLANG_WARN_UNREACHABLE_CODE = YES;
				CLANG_WARN__DUPLICATE_METHOD_MATCH = YES;
				COPY_PHASE_STRIP = NO;
				DEBUG_INFORMATION_FORMAT = dwarf;
				ENABLE_STRICT_OBJC_MSGSEND = YES;
				ENABLE_TESTABILITY = YES;
				GCC_C_LANGUAGE_STANDARD = gnu11;
				GCC_DYNAMIC_NO_PIC = NO;
				GCC_NO_COMMON_BLOCKS = YES;
				GCC_OPTIMIZATION_LEVEL = 0;
				GCC_PREPROCESSOR_DEFINITIONS = (
					"DEBUG=1",
					"$(inherited)",
				);
				GCC_WARN_64_TO_32_BIT_CONVERSION = YES;
				GCC_WARN_ABOUT_RETURN_TYPE = YES_ERROR;
				GCC_WARN_UNDECLARED_SELECTOR = YES;
				GCC_WARN_UNINITIALIZED_AUTOS = YES_AGGRESSIVE;
				GCC_WARN_UNUSED_FUNCTION = YES;
				GCC_WARN_UNUSED_VARIABLE = YES;
				IPHONEOS_DEPLOYMENT_TARGET = 14.3;
				MTL_ENABLE_DEBUG_INFO = INCLUDE_SOURCE;
				MTL_FAST_MATH = YES;
				ONLY_ACTIVE_ARCH = YES;
				SDKROOT = iphoneos;
				SWIFT_ACTIVE_COMPILATION_CONDITIONS = DEBUG;
				SWIFT_OPTIMIZATION_LEVEL = "-Onone";
			};
			name = Debug;
		};
		900861D3258C166D0069AA54 /* Release */ = {
			isa = XCBuildConfiguration;
			buildSettings = {
				ALWAYS_SEARCH_USER_PATHS = NO;
				CLANG_ANALYZER_NONNULL = YES;
				CLANG_ANALYZER_NUMBER_OBJECT_CONVERSION = YES_AGGRESSIVE;
				CLANG_CXX_LANGUAGE_STANDARD = "gnu++14";
				CLANG_CXX_LIBRARY = "libc++";
				CLANG_ENABLE_MODULES = YES;
				CLANG_ENABLE_OBJC_ARC = YES;
				CLANG_ENABLE_OBJC_WEAK = YES;
				CLANG_WARN_BLOCK_CAPTURE_AUTORELEASING = YES;
				CLANG_WARN_BOOL_CONVERSION = YES;
				CLANG_WARN_COMMA = YES;
				CLANG_WARN_CONSTANT_CONVERSION = YES;
				CLANG_WARN_DEPRECATED_OBJC_IMPLEMENTATIONS = YES;
				CLANG_WARN_DIRECT_OBJC_ISA_USAGE = YES_ERROR;
				CLANG_WARN_DOCUMENTATION_COMMENTS = YES;
				CLANG_WARN_EMPTY_BODY = YES;
				CLANG_WARN_ENUM_CONVERSION = YES;
				CLANG_WARN_INFINITE_RECURSION = YES;
				CLANG_WARN_INT_CONVERSION = YES;
				CLANG_WARN_NON_LITERAL_NULL_CONVERSION = YES;
				CLANG_WARN_OBJC_IMPLICIT_RETAIN_SELF = YES;
				CLANG_WARN_OBJC_LITERAL_CONVERSION = YES;
				CLANG_WARN_OBJC_ROOT_CLASS = YES_ERROR;
				CLANG_WARN_QUOTED_INCLUDE_IN_FRAMEWORK_HEADER = YES;
				CLANG_WARN_RANGE_LOOP_ANALYSIS = YES;
				CLANG_WARN_STRICT_PROTOTYPES = YES;
				CLANG_WARN_SUSPICIOUS_MOVE = YES;
				CLANG_WARN_UNGUARDED_AVAILABILITY = YES_AGGRESSIVE;
				CLANG_WARN_UNREACHABLE_CODE = YES;
				CLANG_WARN__DUPLICATE_METHOD_MATCH = YES;
				COPY_PHASE_STRIP = NO;
				DEBUG_INFORMATION_FORMAT = "dwarf-with-dsym";
				ENABLE_NS_ASSERTIONS = NO;
				ENABLE_STRICT_OBJC_MSGSEND = YES;
				GCC_C_LANGUAGE_STANDARD = gnu11;
				GCC_NO_COMMON_BLOCKS = YES;
				GCC_WARN_64_TO_32_BIT_CONVERSION = YES;
				GCC_WARN_ABOUT_RETURN_TYPE = YES_ERROR;
				GCC_WARN_UNDECLARED_SELECTOR = YES;
				GCC_WARN_UNINITIALIZED_AUTOS = YES_AGGRESSIVE;
				GCC_WARN_UNUSED_FUNCTION = YES;
				GCC_WARN_UNUSED_VARIABLE = YES;
				IPHONEOS_DEPLOYMENT_TARGET = 14.3;
				MTL_ENABLE_DEBUG_INFO = NO;
				MTL_FAST_MATH = YES;
				SDKROOT = iphoneos;
				SWIFT_COMPILATION_MODE = wholemodule;
				SWIFT_OPTIMIZATION_LEVEL = "-O";
				VALIDATE_PRODUCT = YES;
			};
			name = Release;
		};
		900861D5258C166D0069AA54 /* Debug */ = {
			isa = XCBuildConfiguration;
			buildSettings = {
				ASSETCATALOG_COMPILER_APPICON_NAME = AppIcon;
				ASSETCATALOG_COMPILER_GLOBAL_ACCENT_COLOR_NAME = AccentColor;
				CODE_SIGN_STYLE = Automatic;
				INFOPLIST_FILE = FoodTracker/Info.plist;
				IPHONEOS_DEPLOYMENT_TARGET = 14.3;
				LD_RUNPATH_SEARCH_PATHS = (
					"$(inherited)",
					"@executable_path/Frameworks",
				);
				PRODUCT_BUNDLE_IDENTIFIER = "American-High-School.FoodTracker";
				PRODUCT_NAME = "$(TARGET_NAME)";
				SWIFT_VERSION = 5.0;
				TARGETED_DEVICE_FAMILY = "1,2";
			};
			name = Debug;
		};
		900861D6258C166D0069AA54 /* Release */ = {
			isa = XCBuildConfiguration;
			buildSettings = {
				ASSETCATALOG_COMPILER_APPICON_NAME = AppIcon;
				ASSETCATALOG_COMPILER_GLOBAL_ACCENT_COLOR_NAME = AccentColor;
				CODE_SIGN_STYLE = Automatic;
				INFOPLIST_FILE = FoodTracker/Info.plist;
				IPHONEOS_DEPLOYMENT_TARGET = 14.3;
				LD_RUNPATH_SEARCH_PATHS = (
					"$(inherited)",
					"@executable_path/Frameworks",
				);
				PRODUCT_BUNDLE_IDENTIFIER = "American-High-School.FoodTracker";
				PRODUCT_NAME = "$(TARGET_NAME)";
				SWIFT_VERSION = 5.0;
				TARGETED_DEVICE_FAMILY = "1,2";
			};
			name = Release;
		};
		900861D8258C166D0069AA54 /* Debug */ = {
			isa = XCBuildConfiguration;
			buildSettings = {
				ALWAYS_EMBED_SWIFT_STANDARD_LIBRARIES = YES;
				BUNDLE_LOADER = "$(TEST_HOST)";
				CODE_SIGN_STYLE = Automatic;
				INFOPLIST_FILE = FoodTrackerTests/Info.plist;
				IPHONEOS_DEPLOYMENT_TARGET = 14.3;
				LD_RUNPATH_SEARCH_PATHS = (
					"$(inherited)",
					"@executable_path/Frameworks",
					"@loader_path/Frameworks",
				);
				PRODUCT_BUNDLE_IDENTIFIER = "American-High-School.FoodTrackerTests";
				PRODUCT_NAME = "$(TARGET_NAME)";
				SWIFT_VERSION = 5.0;
				TARGETED_DEVICE_FAMILY = "1,2";
				TEST_HOST = "$(BUILT_PRODUCTS_DIR)/FoodTracker.app/FoodTracker";
			};
			name = Debug;
		};
		900861D9258C166D0069AA54 /* Release */ = {
			isa = XCBuildConfiguration;
			buildSettings = {
				ALWAYS_EMBED_SWIFT_STANDARD_LIBRARIES = YES;
				BUNDLE_LOADER = "$(TEST_HOST)";
				CODE_SIGN_STYLE = Automatic;
				INFOPLIST_FILE = FoodTrackerTests/Info.plist;
				IPHONEOS_DEPLOYMENT_TARGET = 14.3;
				LD_RUNPATH_SEARCH_PATHS = (
					"$(inherited)",
					"@executable_path/Frameworks",
					"@loader_path/Frameworks",
				);
				PRODUCT_BUNDLE_IDENTIFIER = "American-High-School.FoodTrackerTests";
				PRODUCT_NAME = "$(TARGET_NAME)";
				SWIFT_VERSION = 5.0;
				TARGETED_DEVICE_FAMILY = "1,2";
				TEST_HOST = "$(BUILT_PRODUCTS_DIR)/FoodTracker.app/FoodTracker";
			};
			name = Release;
		};
		900861DB258C166D0069AA54 /* Debug */ = {
			isa = XCBuildConfiguration;
			buildSettings = {
				ALWAYS_EMBED_SWIFT_STANDARD_LIBRARIES = YES;
				CODE_SIGN_STYLE = Automatic;
				INFOPLIST_FILE = FoodTrackerUITests/Info.plist;
				LD_RUNPATH_SEARCH_PATHS = (
					"$(inherited)",
					"@executable_path/Frameworks",
					"@loader_path/Frameworks",
				);
				PRODUCT_BUNDLE_IDENTIFIER = "American-High-School.FoodTrackerUITests";
				PRODUCT_NAME = "$(TARGET_NAME)";
				SWIFT_VERSION = 5.0;
				TARGETED_DEVICE_FAMILY = "1,2";
				TEST_TARGET_NAME = FoodTracker;
			};
			name = Debug;
		};
		900861DC258C166D0069AA54 /* Release */ = {
			isa = XCBuildConfiguration;
			buildSettings = {
				ALWAYS_EMBED_SWIFT_STANDARD_LIBRARIES = YES;
				CODE_SIGN_STYLE = Automatic;
				INFOPLIST_FILE = FoodTrackerUITests/Info.plist;
				LD_RUNPATH_SEARCH_PATHS = (
					"$(inherited)",
					"@executable_path/Frameworks",
					"@loader_path/Frameworks",
				);
				PRODUCT_BUNDLE_IDENTIFIER = "American-High-School.FoodTrackerUITests";
				PRODUCT_NAME = "$(TARGET_NAME)";
				SWIFT_VERSION = 5.0;
				TARGETED_DEVICE_FAMILY = "1,2";
				TEST_TARGET_NAME = FoodTracker;
			};
			name = Release;
		};
/* End XCBuildConfiguration section */

/* Begin XCConfigurationList section */
		900861A5258C166C0069AA54 /* Build configuration list for PBXProject "FoodTracker" */ = {
			isa = XCConfigurationList;
			buildConfigurations = (
				900861D2258C166D0069AA54 /* Debug */,
				900861D3258C166D0069AA54 /* Release */,
			);
			defaultConfigurationIsVisible = 0;
			defaultConfigurationName = Release;
		};
		900861D4258C166D0069AA54 /* Build configuration list for PBXNativeTarget "FoodTracker" */ = {
			isa = XCConfigurationList;
			buildConfigurations = (
				900861D5258C166D0069AA54 /* Debug */,
				900861D6258C166D0069AA54 /* Release */,
			);
			defaultConfigurationIsVisible = 0;
			defaultConfigurationName = Release;
		};
		900861D7258C166D0069AA54 /* Build configuration list for PBXNativeTarget "FoodTrackerTests" */ = {
			isa = XCConfigurationList;
			buildConfigurations = (
				900861D8258C166D0069AA54 /* Debug */,
				900861D9258C166D0069AA54 /* Release */,
			);
			defaultConfigurationIsVisible = 0;
			defaultConfigurationName = Release;
		};
		900861DA258C166D0069AA54 /* Build configuration list for PBXNativeTarget "FoodTrackerUITests" */ = {
			isa = XCConfigurationList;
			buildConfigurations = (
				900861DB258C166D0069AA54 /* Debug */,
				900861DC258C166D0069AA54 /* Release */,
			);
			defaultConfigurationIsVisible = 0;
			defaultConfigurationName = Release;
		};
/* End XCConfigurationList section */
	};
	rootObject = 900861A2258C166C0069AA54 /* Project object */;
}
